
Microsoft Visual Studio Solution File, Format Version 12.00
# Visual Studio 2017
Project("{FAE04EC0-301F-11D3-BF4B-00C04F79EFBC}") = "Pumpkin And Golems", "Pumpkin And Golems.csproj", "{BBCEC5BC-E982-51E4-640F-E5ACD27B8698}"
EndProject
Global
	GlobalSection(SolutionConfigurationPlatforms) = preSolution
		Debug|Any CPU = Debug|Any CPU
		Release|Any CPU = Release|Any CPU
	EndGlobalSection
	GlobalSection(ProjectConfigurationPlatforms) = postSolution
		{BBCEC5BC-E982-51E4-640F-E5ACD27B8698}.Debug|Any CPU.ActiveCfg = Debug|Any CPU
		{BBCEC5BC-E982-51E4-640F-E5ACD27B8698}.Debug|Any CPU.Build.0 = Debug|Any CPU
		{BBCEC5BC-E982-51E4-640F-E5ACD27B8698}.Release|Any CPU.ActiveCfg = Release|Any CPU
		{BBCEC5BC-E982-51E4-640F-E5ACD27B8698}.Release|Any CPU.Build.0 = Release|Any CPU
	EndGlobalSection
	GlobalSection(SolutionProperties) = preSolution
		HideSolutionNode = FALSE
	EndGlobalSection
EndGlobal
